
Microsoft Visual Studio Solution File, Format Version 12.00
# Visual Studio 14
VisualStudioVersion = 14.0.25420.1
MinimumVisualStudioVersion = 10.0.40219.1
Project("{8BB2217D-0F2D-49D1-97BC-3654ED321F3B}") = "WebApp", "Project1\WebApp.xproj", "{AC6B8FDB-5CAE-447F-BA69-00733019DAED}"
EndProject
Project("{2150E333-8FDC-42A3-9474-1A3956D46DE8}") = "Solution Items", "Solution Items", "{3A8ACE66-83A0-4C19-A486-9AA9D8124BD0}"
	ProjectSection(SolutionItems) = preProject
		global.json = global.json
		README.md = README.md
	EndProjectSection
EndProject
Project("{2150E333-8FDC-42A3-9474-1A3956D46DE8}") = "src", "src", "{BC3024BC-0D4B-41FC-8A0A-2AA5B4B15537}"
EndProject
Project("{2150E333-8FDC-42A3-9474-1A3956D46DE8}") = "test", "test", "{6CF6ECC7-F149-4485-84C8-89BCC34644EC}"
EndProject
Project("{8BB2217D-0F2D-49D1-97BC-3654ED321F3B}") = "Project1.Tests", "ProjectTests\Project1.Tests.xproj", "{E7E93D06-646E-4980-A121-E91CB5B26EED}"
	ProjectSection(ProjectDependencies) = postProject
		{21B4941F-5E9C-43DB-9F28-003CC65118C6} = {21B4941F-5E9C-43DB-9F28-003CC65118C6}
	EndProjectSection
EndProject
Project("{8BB2217D-0F2D-49D1-97BC-3654ED321F3B}") = "SmearerMiddleware", "SmearerMiddleware\SmearerMiddleware.xproj", "{30494627-18AA-4973-AE64-DF0D644D4808}"
EndProject
Project("{8BB2217D-0F2D-49D1-97BC-3654ED321F3B}") = "DataModel", "DataModel\DataModel.xproj", "{21B4941F-5E9C-43DB-9F28-003CC65118C6}"
EndProject
Project("{2150E333-8FDC-42A3-9474-1A3956D46DE8}") = "data", "data", "{A0451284-7863-4758-ACCE-E91F47776BD7}"
	ProjectSection(SolutionItems) = preProject
		data\database.sqlite = data\database.sqlite
	EndProjectSection
EndProject
Project("{FAE04EC0-301F-11D3-BF4B-00C04F79EFBC}") = "MvcApp", "MvcApp\MvcApp.csproj", "{DB2EAB25-5A64-4CC1-A010-56866036FFE6}"
EndProject
Project("{FAE04EC0-301F-11D3-BF4B-00C04F79EFBC}") = "MvcApp.Tests", "MvcApp.Tests\MvcApp.Tests.csproj", "{46DFD283-DCEE-4EA3-8469-D62E2C837E41}"
EndProject
Global
	GlobalSection(SolutionConfigurationPlatforms) = preSolution
		Debug|Any CPU = Debug|Any CPU
		Release|Any CPU = Release|Any CPU
	EndGlobalSection
	GlobalSection(ProjectConfigurationPlatforms) = postSolution
		{AC6B8FDB-5CAE-447F-BA69-00733019DAED}.Debug|Any CPU.ActiveCfg = Debug|Any CPU
		{AC6B8FDB-5CAE-447F-BA69-00733019DAED}.Debug|Any CPU.Build.0 = Debug|Any CPU
		{AC6B8FDB-5CAE-447F-BA69-00733019DAED}.Release|Any CPU.ActiveCfg = Release|Any CPU
		{AC6B8FDB-5CAE-447F-BA69-00733019DAED}.Release|Any CPU.Build.0 = Release|Any CPU
		{E7E93D06-646E-4980-A121-E91CB5B26EED}.Debug|Any CPU.ActiveCfg = Debug|Any CPU
		{E7E93D06-646E-4980-A121-E91CB5B26EED}.Debug|Any CPU.Build.0 = Debug|Any CPU
		{E7E93D06-646E-4980-A121-E91CB5B26EED}.Release|Any CPU.ActiveCfg = Release|Any CPU
		{E7E93D06-646E-4980-A121-E91CB5B26EED}.Release|Any CPU.Build.0 = Release|Any CPU
		{30494627-18AA-4973-AE64-DF0D644D4808}.Debug|Any CPU.ActiveCfg = Debug|Any CPU
		{30494627-18AA-4973-AE64-DF0D644D4808}.Debug|Any CPU.Build.0 = Debug|Any CPU
		{30494627-18AA-4973-AE64-DF0D644D4808}.Release|Any CPU.ActiveCfg = Release|Any CPU
		{30494627-18AA-4973-AE64-DF0D644D4808}.Release|Any CPU.Build.0 = Release|Any CPU
		{21B4941F-5E9C-43DB-9F28-003CC65118C6}.Debug|Any CPU.ActiveCfg = Debug|Any CPU
		{21B4941F-5E9C-43DB-9F28-003CC65118C6}.Debug|Any CPU.Build.0 = Debug|Any CPU
		{21B4941F-5E9C-43DB-9F28-003CC65118C6}.Release|Any CPU.ActiveCfg = Release|Any CPU
		{21B4941F-5E9C-43DB-9F28-003CC65118C6}.Release|Any CPU.Build.0 = Release|Any CPU
		{DB2EAB25-5A64-4CC1-A010-56866036FFE6}.Debug|Any CPU.ActiveCfg = Debug|Any CPU
		{DB2EAB25-5A64-4CC1-A010-56866036FFE6}.Debug|Any CPU.Build.0 = Debug|Any CPU
		{DB2EAB25-5A64-4CC1-A010-56866036FFE6}.Release|Any CPU.ActiveCfg = Release|Any CPU
		{DB2EAB25-5A64-4CC1-A010-56866036FFE6}.Release|Any CPU.Build.0 = Release|Any CPU
		{46DFD283-DCEE-4EA3-8469-D62E2C837E41}.Debug|Any CPU.ActiveCfg = Debug|Any CPU
		{46DFD283-DCEE-4EA3-8469-D62E2C837E41}.Debug|Any CPU.Build.0 = Debug|Any CPU
		{46DFD283-DCEE-4EA3-8469-D62E2C837E41}.Release|Any CPU.ActiveCfg = Release|Any CPU
		{46DFD283-DCEE-4EA3-8469-D62E2C837E41}.Release|Any CPU.Build.0 = Release|Any CPU
	EndGlobalSection
	GlobalSection(SolutionProperties) = preSolution
		HideSolutionNode = FALSE
	EndGlobalSection
	GlobalSection(NestedProjects) = preSolution
		{AC6B8FDB-5CAE-447F-BA69-00733019DAED} = {BC3024BC-0D4B-41FC-8A0A-2AA5B4B15537}
		{E7E93D06-646E-4980-A121-E91CB5B26EED} = {6CF6ECC7-F149-4485-84C8-89BCC34644EC}
		{30494627-18AA-4973-AE64-DF0D644D4808} = {BC3024BC-0D4B-41FC-8A0A-2AA5B4B15537}
		{21B4941F-5E9C-43DB-9F28-003CC65118C6} = {BC3024BC-0D4B-41FC-8A0A-2AA5B4B15537}
		{DB2EAB25-5A64-4CC1-A010-56866036FFE6} = {BC3024BC-0D4B-41FC-8A0A-2AA5B4B15537}
		{46DFD283-DCEE-4EA3-8469-D62E2C837E41} = {6CF6ECC7-F149-4485-84C8-89BCC34644EC}
	EndGlobalSection
EndGlobal
